
Microsoft Visual Studio Solution File, Format Version 12.00
# Visual Studio Version 17
VisualStudioVersion = 17.6.33712.159
MinimumVisualStudioVersion = 10.0.40219.1
Project("{9A19103F-16F7-4668-BE54-9A1E7A4F7556}") = "DataAccess", "DataAccess\DataAccess.csproj", "{B9028AAB-2BC8-4D2A-A585-271DF71029F0}"
EndProject
Project("{9A19103F-16F7-4668-BE54-9A1E7A4F7556}") = "Business", "Business\Business.csproj", "{C2A5DF9D-B407-470B-82B6-274699FAE10E}"
EndProject
Project("{9A19103F-16F7-4668-BE54-9A1E7A4F7556}") = "Entities", "Entities\Entities.csproj", "{B398756A-0691-451B-8EEE-679DBE377C5D}"
EndProject
Project("{9A19103F-16F7-4668-BE54-9A1E7A4F7556}") = "ConsoleUI", "ConsoleUI\ConsoleUI.csproj", "{BE61B0A2-7727-4A37-91B0-690BC507E3E0}"
EndProject
Project("{FAE04EC0-301F-11D3-BF4B-00C04F79EFBC}") = "Core", "Core\Core.csproj", "{8E4D96AB-26E2-4366-BCC1-B6596ED05237}"
EndProject
Global
	GlobalSection(SolutionConfigurationPlatforms) = preSolution
		Debug|Any CPU = Debug|Any CPU
		Release|Any CPU = Release|Any CPU
	EndGlobalSection
	GlobalSection(ProjectConfigurationPlatforms) = postSolution
		{B9028AAB-2BC8-4D2A-A585-271DF71029F0}.Debug|Any CPU.ActiveCfg = Debug|Any CPU
		{B9028AAB-2BC8-4D2A-A585-271DF71029F0}.Debug|Any CPU.Build.0 = Debug|Any CPU
		{B9028AAB-2BC8-4D2A-A585-271DF71029F0}.Release|Any CPU.ActiveCfg = Release|Any CPU
		{B9028AAB-2BC8-4D2A-A585-271DF71029F0}.Release|Any CPU.Build.0 = Release|Any CPU
		{C2A5DF9D-B407-470B-82B6-274699FAE10E}.Debug|Any CPU.ActiveCfg = Debug|Any CPU
		{C2A5DF9D-B407-470B-82B6-274699FAE10E}.Debug|Any CPU.Build.0 = Debug|Any CPU
		{C2A5DF9D-B407-470B-82B6-274699FAE10E}.Release|Any CPU.ActiveCfg = Release|Any CPU
		{C2A5DF9D-B407-470B-82B6-274699FAE10E}.Release|Any CPU.Build.0 = Release|Any CPU
		{B398756A-0691-451B-8EEE-679DBE377C5D}.Debug|Any CPU.ActiveCfg = Debug|Any CPU
		{B398756A-0691-451B-8EEE-679DBE377C5D}.Debug|Any CPU.Build.0 = Debug|Any CPU
		{B398756A-0691-451B-8EEE-679DBE377C5D}.Release|Any CPU.ActiveCfg = Release|Any CPU
		{B398756A-0691-451B-8EEE-679DBE377C5D}.Release|Any CPU.Build.0 = Release|Any CPU
		{BE61B0A2-7727-4A37-91B0-690BC507E3E0}.Debug|Any CPU.ActiveCfg = Debug|Any CPU
		{BE61B0A2-7727-4A37-91B0-690BC507E3E0}.Debug|Any CPU.Build.0 = Debug|Any CPU
		{BE61B0A2-7727-4A37-91B0-690BC507E3E0}.Release|Any CPU.ActiveCfg = Release|Any CPU
		{BE61B0A2-7727-4A37-91B0-690BC507E3E0}.Release|Any CPU.Build.0 = Release|Any CPU
		{8E4D96AB-26E2-4366-BCC1-B6596ED05237}.Debug|Any CPU.ActiveCfg = Debug|Any CPU
		{8E4D96AB-26E2-4366-BCC1-B6596ED05237}.Debug|Any CPU.Build.0 = Debug|Any CPU
		{8E4D96AB-26E2-4366-BCC1-B6596ED05237}.Release|Any CPU.ActiveCfg = Release|Any CPU
		{8E4D96AB-26E2-4366-BCC1-B6596ED05237}.Release|Any CPU.Build.0 = Release|Any CPU
	EndGlobalSection
	GlobalSection(SolutionProperties) = preSolution
		HideSolutionNode = FALSE
	EndGlobalSection
	GlobalSection(ExtensibilityGlobals) = postSolution
		SolutionGuid = {2BCB8E0A-D412-4904-AC59-AD01274EFC28}
	EndGlobalSection
EndGlobal
